// !$*UTF8*$!
{
	archiveVersion = 1;
	classes = {
	};
	objectVersion = 56;
	objects = {

/* Begin PBXBuildFile section */
		3F40EB972B4EEEDC0043C0BA /* CustomButton.swift in Sources */ = {isa = PBXBuildFile; fileRef = 3F40EB962B4EEEDC0043C0BA /* CustomButton.swift */; };
		3F40EB992B4EF06A0043C0BA /* ProgressBar.swift in Sources */ = {isa = PBXBuildFile; fileRef = 3F40EB982B4EF06A0043C0BA /* ProgressBar.swift */; };
		3F40EB9B2B4EF1E50043C0BA /* Answerrow.swift in Sources */ = {isa = PBXBuildFile; fileRef = 3F40EB9A2B4EF1E50043C0BA /* Answerrow.swift */; };
		3F7C7F0E2B5EC72D007E6D6F /* GameManager.swift in Sources */ = {isa = PBXBuildFile; fileRef = 3F7C7F0D2B5EC72D007E6D6F /* GameManager.swift */; };
		3FF5E23E2B50408D0069EC00 /* QuestionView.swift in Sources */ = {isa = PBXBuildFile; fileRef = 3FF5E23D2B50408D0069EC00 /* QuestionView.swift */; };
		3FF5E2402B5045020069EC00 /* File.swift in Sources */ = {isa = PBXBuildFile; fileRef = 3FF5E23F2B5045020069EC00 /* File.swift */; };
		3FFCB88C2B4D9E9700FB3180 /* flag_gameApp.swift in Sources */ = {isa = PBXBuildFile; fileRef = 3FFCB88B2B4D9E9700FB3180 /* flag_gameApp.swift */; };
		3FFCB88E2B4D9E9700FB3180 /* ContentView.swift in Sources */ = {isa = PBXBuildFile; fileRef = 3FFCB88D2B4D9E9700FB3180 /* ContentView.swift */; };
		3FFCB8902B4D9E9900FB3180 /* Assets.xcassets in Resources */ = {isa = PBXBuildFile; fileRef = 3FFCB88F2B4D9E9900FB3180 /* Assets.xcassets */; };
		3FFCB8932B4D9E9900FB3180 /* Preview Assets.xcassets in Resources */ = {isa = PBXBuildFile; fileRef = 3FFCB8922B4D9E9900FB3180 /* Preview Assets.xcassets */; };
		3FFCB89D2B4DA59800FB3180 /* Question.swift in Sources */ = {isa = PBXBuildFile; fileRef = 3FFCB89C2B4DA59800FB3180 /* Question.swift */; };
/* End PBXBuildFile section */

/* Begin PBXFileReference section */
		3F40EB962B4EEEDC0043C0BA /* CustomButton.swift */ = {isa = PBXFileReference; lastKnownFileType = sourcecode.swift; path = CustomButton.swift; sourceTree = "<group>"; };
		3F40EB982B4EF06A0043C0BA /* ProgressBar.swift */ = {isa = PBXFileReference; lastKnownFileType = sourcecode.swift; path = ProgressBar.swift; sourceTree = "<group>"; };
		3F40EB9A2B4EF1E50043C0BA /* Answerrow.swift */ = {isa = PBXFileReference; lastKnownFileType = sourcecode.swift; path = Answerrow.swift; sourceTree = "<group>"; };
		3F7C7F0D2B5EC72D007E6D6F /* GameManager.swift */ = {isa = PBXFileReference; lastKnownFileType = sourcecode.swift; path = GameManager.swift; sourceTree = "<group>"; };
		3FF5E23D2B50408D0069EC00 /* QuestionView.swift */ = {isa = PBXFileReference; lastKnownFileType = sourcecode.swift; path = QuestionView.swift; sourceTree = "<group>"; };
		3FF5E23F2B5045020069EC00 /* File.swift */ = {isa = PBXFileReference; lastKnownFileType = sourcecode.swift; path = File.swift; sourceTree = "<group>"; };
		3FFCB8882B4D9E9700FB3180 /* flag game.app */ = {isa = PBXFileReference; explicitFileType = wrapper.application; includeInIndex = 0; path = "flag game.app"; sourceTree = BUILT_PRODUCTS_DIR; };
		3FFCB88B2B4D9E9700FB3180 /* flag_gameApp.swift */ = {isa = PBXFileReference; lastKnownFileType = sourcecode.swift; path = flag_gameApp.swift; sourceTree = "<group>"; };
		3FFCB88D2B4D9E9700FB3180 /* ContentView.swift */ = {isa = PBXFileReference; lastKnownFileType = sourcecode.swift; path = ContentView.swift; sourceTree = "<group>"; };
		3FFCB88F2B4D9E9900FB3180 /* Assets.xcassets */ = {isa = PBXFileReference; lastKnownFileType = folder.assetcatalog; path = Assets.xcassets; sourceTree = "<group>"; };
		3FFCB8922B4D9E9900FB3180 /* Preview Assets.xcassets */ = {isa = PBXFileReference; lastKnownFileType = folder.assetcatalog; path = "Preview Assets.xcassets"; sourceTree = "<group>"; };
		3FFCB89C2B4DA59800FB3180 /* Question.swift */ = {isa = PBXFileReference; lastKnownFileType = sourcecode.swift; path = Question.swift; sourceTree = "<group>"; };
/* End PBXFileReference section */

/* Begin PBXFrameworksBuildPhase section */
		3FFCB8852B4D9E9700FB3180 /* Frameworks */ = {
			isa = PBXFrameworksBuildPhase;
			buildActionMask = 2147483647;
			files = (
			);
			runOnlyForDeploymentPostprocessing = 0;
		};
/* End PBXFrameworksBuildPhase section */

/* Begin PBXGroup section */
		3FFCB87F2B4D9E9700FB3180 = {
			isa = PBXGroup;
			children = (
				3FFCB88A2B4D9E9700FB3180 /* flag game */,
				3FFCB8892B4D9E9700FB3180 /* Products */,
			);
			sourceTree = "<group>";
		};
		3FFCB8892B4D9E9700FB3180 /* Products */ = {
			isa = PBXGroup;
			children = (
				3FFCB8882B4D9E9700FB3180 /* flag game.app */,
			);
			name = Products;
			sourceTree = "<group>";
		};
		3FFCB88A2B4D9E9700FB3180 /* flag game */ = {
			isa = PBXGroup;
			children = (
				3FFCB88B2B4D9E9700FB3180 /* flag_gameApp.swift */,
				3FFCB8992B4DA43C00FB3180 /* Views */,
				3FFCB89A2B4DA48E00FB3180 /* Component */,
				3FFCB89B2B4DA4A800FB3180 /* Models */,
				3FFCB88F2B4D9E9900FB3180 /* Assets.xcassets */,
				3FFCB8912B4D9E9900FB3180 /* Preview Content */,
			);
			path = "flag game";
			sourceTree = "<group>";
		};
		3FFCB8912B4D9E9900FB3180 /* Preview Content */ = {
			isa = PBXGroup;
			children = (
				3FFCB8922B4D9E9900FB3180 /* Preview Assets.xcassets */,
			);
			path = "Preview Content";
			sourceTree = "<group>";
		};
		3FFCB8992B4DA43C00FB3180 /* Views */ = {
			isa = PBXGroup;
			children = (
				3FFCB88D2B4D9E9700FB3180 /* ContentView.swift */,
				3FF5E23D2B50408D0069EC00 /* QuestionView.swift */,
			);
			path = Views;
			sourceTree = "<group>";
		};
		3FFCB89A2B4DA48E00FB3180 /* Component */ = {
			isa = PBXGroup;
			children = (
				3F40EB962B4EEEDC0043C0BA /* CustomButton.swift */,
				3F40EB982B4EF06A0043C0BA /* ProgressBar.swift */,
				3F40EB9A2B4EF1E50043C0BA /* Answerrow.swift */,
			);
			path = Component;
			sourceTree = "<group>";
		};
		3FFCB89B2B4DA4A800FB3180 /* Models */ = {
			isa = PBXGroup;
			children = (
				3FFCB89C2B4DA59800FB3180 /* Question.swift */,
				3FF5E23F2B5045020069EC00 /* File.swift */,
				3F7C7F0D2B5EC72D007E6D6F /* GameManager.swift */,
			);
			path = Models;
			sourceTree = "<group>";
		};
/* End PBXGroup section */

/* Begin PBXNativeTarget section */
		3FFCB8872B4D9E9700FB3180 /* flag game */ = {
			isa = PBXNativeTarget;
			buildConfigurationList = 3FFCB8962B4D9E9900FB3180 /* Build configuration list for PBXNativeTarget "flag game" */;
			buildPhases = (
				3FFCB8842B4D9E9700FB3180 /* Sources */,
				3FFCB8852B4D9E9700FB3180 /* Frameworks */,
				3FFCB8862B4D9E9700FB3180 /* Resources */,
			);
			buildRules = (
			);
			dependencies = (
			);
			name = "flag game";
			productName = "flag game";
			productReference = 3FFCB8882B4D9E9700FB3180 /* flag game.app */;
			productType = "com.apple.product-type.application";
		};
/* End PBXNativeTarget section */

/* Begin PBXProject section */
		3FFCB8802B4D9E9700FB3180 /* Project object */ = {
			isa = PBXProject;
			attributes = {
				BuildIndependentTargetsInParallel = 1;
				LastSwiftUpdateCheck = 1430;
				LastUpgradeCheck = 1430;
				TargetAttributes = {
					3FFCB8872B4D9E9700FB3180 = {
						CreatedOnToolsVersion = 14.3.1;
					};
				};
			};
			buildConfigurationList = 3FFCB8832B4D9E9700FB3180 /* Build configuration list for PBXProject "flag game" */;
			compatibilityVersion = "Xcode 14.0";
			developmentRegion = en;
			hasScannedForEncodings = 0;
			knownRegions = (
				en,
				Base,
			);
			mainGroup = 3FFCB87F2B4D9E9700FB3180;
			productRefGroup = 3FFCB8892B4D9E9700FB3180 /* Products */;
			projectDirPath = "";
			projectRoot = "";
			targets = (
				3FFCB8872B4D9E9700FB3180 /* flag game */,
			);
		};
/* End PBXProject section */

/* Begin PBXResourcesBuildPhase section */
		3FFCB8862B4D9E9700FB3180 /* Resources */ = {
			isa = PBXResourcesBuildPhase;
			buildActionMask = 2147483647;
			files = (
				3FFCB8932B4D9E9900FB3180 /* Preview Assets.xcassets in Resources */,
				3FFCB8902B4D9E9900FB3180 /* Assets.xcassets in Resources */,
			);
			runOnlyForDeploymentPostprocessing = 0;
		};
/* End PBXResourcesBuildPhase section */

/* Begin PBXSourcesBuildPhase section */
		3FFCB8842B4D9E9700FB3180 /* Sources */ = {
			isa = PBXSourcesBuildPhase;
			buildActionMask = 2147483647;
			files = (
				3F40EB992B4EF06A0043C0BA /* ProgressBar.swift in Sources */,
				3F7C7F0E2B5EC72D007E6D6F /* GameManager.swift in Sources */,
				3F40EB9B2B4EF1E50043C0BA /* Answerrow.swift in Sources */,
				3FFCB89D2B4DA59800FB3180 /* Question.swift in Sources */,
				3F40EB972B4EEEDC0043C0BA /* CustomButton.swift in Sources */,
				3FFCB88E2B4D9E9700FB3180 /* ContentView.swift in Sources */,
				3FF5E2402B5045020069EC00 /* File.swift in Sources */,
				3FF5E23E2B50408D0069EC00 /* QuestionView.swift in Sources */,
				3FFCB88C2B4D9E9700FB3180 /* flag_gameApp.swift in Sources */,
			);
			runOnlyForDeploymentPostprocessing = 0;
		};
/* End PBXSourcesBuildPhase section */

/* Begin XCBuildConfiguration section */
		3FFCB8942B4D9E9900FB3180 /* Debug */ = {
			isa = XCBuildConfiguration;
			buildSettings = {
				ALWAYS_SEARCH_USER_PATHS = NO;
				CLANG_ANALYZER_NONNULL = YES;
				CLANG_ANALYZER_NUMBER_OBJECT_CONVERSION = YES_AGGRESSIVE;
				CLANG_CXX_LANGUAGE_STANDARD = "gnu++20";
				CLANG_ENABLE_MODULES = YES;
				CLANG_ENABLE_OBJC_ARC = YES;
				CLANG_ENABLE_OBJC_WEAK = YES;
				CLANG_WARN_BLOCK_CAPTURE_AUTORELEASING = YES;
				CLANG_WARN_BOOL_CONVERSION = YES;
				CLANG_WARN_COMMA = YES;
				CLANG_WARN_CONSTANT_CONVERSION = YES;
				CLANG_WARN_DEPRECATED_OBJC_IMPLEMENTATIONS = YES;
				CLANG_WARN_DIRECT_OBJC_ISA_USAGE = YES_ERROR;
				CLANG_WARN_DOCUMENTATION_COMMENTS = YES;
				CLANG_WARN_EMPTY_BODY = YES;
				CLANG_WARN_ENUM_CONVERSION = YES;
				CLANG_WARN_INFINITE_RECURSION = YES;
				CLANG_WARN_INT_CONVERSION = YES;
				CLANG_WARN_NON_LITERAL_NULL_CONVERSION = YES;
				CLANG_WARN_OBJC_IMPLICIT_RETAIN_SELF = YES;
				CLANG_WARN_OBJC_LITERAL_CONVERSION = YES;
				CLANG_WARN_OBJC_ROOT_CLASS = YES_ERROR;
				CLANG_WARN_QUOTED_INCLUDE_IN_FRAMEWORK_HEADER = YES;
				CLANG_WARN_RANGE_LOOP_ANALYSIS = YES;
				CLANG_WARN_STRICT_PROTOTYPES = YES;
				CLANG_WARN_SUSPICIOUS_MOVE = YES;
				CLANG_WARN_UNGUARDED_AVAILABILITY = YES_AGGRESSIVE;
				CLANG_WARN_UNREACHABLE_CODE = YES;
				CLANG_WARN__DUPLICATE_METHOD_MATCH = YES;
				COPY_PHASE_STRIP = NO;
				DEBUG_INFORMATION_FORMAT = dwarf;
				ENABLE_STRICT_OBJC_MSGSEND = YES;
				ENABLE_TESTABILITY = YES;
				GCC_C_LANGUAGE_STANDARD = gnu11;
				GCC_DYNAMIC_NO_PIC = NO;
				GCC_NO_COMMON_BLOCKS = YES;
				GCC_OPTIMIZATION_LEVEL = 0;
				GCC_PREPROCESSOR_DEFINITIONS = (
					"DEBUG=1",
					"$(inherited)",
				);
				GCC_WARN_64_TO_32_BIT_CONVERSION = YES;
				GCC_WARN_ABOUT_RETURN_TYPE = YES_ERROR;
				GCC_WARN_UNDECLARED_SELECTOR = YES;
				GCC_WARN_UNINITIALIZED_AUTOS = YES_AGGRESSIVE;
				GCC_WARN_UNUSED_FUNCTION = YES;
				GCC_WARN_UNUSED_VARIABLE = YES;
				IPHONEOS_DEPLOYMENT_TARGET = 16.4;
				MTL_ENABLE_DEBUG_INFO = INCLUDE_SOURCE;
				MTL_FAST_MATH = YES;
				ONLY_ACTIVE_ARCH = YES;
				SDKROOT = iphoneos;
				SWIFT_ACTIVE_COMPILATION_CONDITIONS = DEBUG;
				SWIFT_OPTIMIZATION_LEVEL = "-Onone";
			};
			name = Debug;
		};
		3FFCB8952B4D9E9900FB3180 /* Release */ = {
			isa = XCBuildConfiguration;
			buildSettings = {
				ALWAYS_SEARCH_USER_PATHS = NO;
				CLANG_ANALYZER_NONNULL = YES;
				CLANG_ANALYZER_NUMBER_OBJECT_CONVERSION = YES_AGGRESSIVE;
				CLANG_CXX_LANGUAGE_STANDARD = "gnu++20";
				CLANG_ENABLE_MODULES = YES;
				CLANG_ENABLE_OBJC_ARC = YES;
				CLANG_ENABLE_OBJC_WEAK = YES;
				CLANG_WARN_BLOCK_CAPTURE_AUTORELEASING = YES;
				CLANG_WARN_BOOL_CONVERSION = YES;
				CLANG_WARN_COMMA = YES;
				CLANG_WARN_CONSTANT_CONVERSION = YES;
				CLANG_WARN_DEPRECATED_OBJC_IMPLEMENTATIONS = YES;
				CLANG_WARN_DIRECT_OBJC_ISA_USAGE = YES_ERROR;
				CLANG_WARN_DOCUMENTATION_COMMENTS = YES;
				CLANG_WARN_EMPTY_BODY = YES;
				CLANG_WARN_ENUM_CONVERSION = YES;
				CLANG_WARN_INFINITE_RECURSION = YES;
				CLANG_WARN_INT_CONVERSION = YES;
				CLANG_WARN_NON_LITERAL_NULL_CONVERSION = YES;
				CLANG_WARN_OBJC_IMPLICIT_RETAIN_SELF = YES;
				CLANG_WARN_OBJC_LITERAL_CONVERSION = YES;
				CLANG_WARN_OBJC_ROOT_CLASS = YES_ERROR;
				CLANG_WARN_QUOTED_INCLUDE_IN_FRAMEWORK_HEADER = YES;
				CLANG_WARN_RANGE_LOOP_ANALYSIS = YES;
				CLANG_WARN_STRICT_PROTOTYPES = YES;
				CLANG_WARN_SUSPICIOUS_MOVE = YES;
				CLANG_WARN_UNGUARDED_AVAILABILITY = YES_AGGRESSIVE;
				CLANG_WARN_UNREACHABLE_CODE = YES;
				CLANG_WARN__DUPLICATE_METHOD_MATCH = YES;
				COPY_PHASE_STRIP = NO;
				DEBUG_INFORMATION_FORMAT = "dwarf-with-dsym";
				ENABLE_NS_ASSERTIONS = NO;
				ENABLE_STRICT_OBJC_MSGSEND = YES;
				GCC_C_LANGUAGE_STANDARD = gnu11;
				GCC_NO_COMMON_BLOCKS = YES;
				GCC_WARN_64_TO_32_BIT_CONVERSION = YES;
				GCC_WARN_ABOUT_RETURN_TYPE = YES_ERROR;
				GCC_WARN_UNDECLARED_SELECTOR = YES;
				GCC_WARN_UNINITIALIZED_AUTOS = YES_AGGRESSIVE;
				GCC_WARN_UNUSED_FUNCTION = YES;
				GCC_WARN_UNUSED_VARIABLE = YES;
				IPHONEOS_DEPLOYMENT_TARGET = 16.4;
				MTL_ENABLE_DEBUG_INFO = NO;
				MTL_FAST_MATH = YES;
				SDKROOT = iphoneos;
				SWIFT_COMPILATION_MODE = wholemodule;
				SWIFT_OPTIMIZATION_LEVEL = "-O";
				VALIDATE_PRODUCT = YES;
			};
			name = Release;
		};
		3FFCB8972B4D9E9900FB3180 /* Debug */ = {
			isa = XCBuildConfiguration;
			buildSettings = {
				ASSETCATALOG_COMPILER_APPICON_NAME = AppIcon;
				ASSETCATALOG_COMPILER_GLOBAL_ACCENT_COLOR_NAME = AccentColor;
				CODE_SIGN_STYLE = Automatic;
				CURRENT_PROJECT_VERSION = 1;
				DEVELOPMENT_ASSET_PATHS = "\"flag game/Preview Content\"";
				DEVELOPMENT_TEAM = LTR6BBYG7K;
				ENABLE_PREVIEWS = YES;
				GENERATE_INFOPLIST_FILE = YES;
				INFOPLIST_KEY_UIApplicationSceneManifest_Generation = YES;
				INFOPLIST_KEY_UIApplicationSupportsIndirectInputEvents = YES;
				INFOPLIST_KEY_UILaunchScreen_Generation = YES;
				INFOPLIST_KEY_UISupportedInterfaceOrientations_iPad = "UIInterfaceOrientationPortrait UIInterfaceOrientationPortraitUpsideDown UIInterfaceOrientationLandscapeLeft UIInterfaceOrientationLandscapeRight";
				INFOPLIST_KEY_UISupportedInterfaceOrientations_iPhone = "UIInterfaceOrientationPortrait UIInterfaceOrientationLandscapeLeft UIInterfaceOrientationLandscapeRight";
				LD_RUNPATH_SEARCH_PATHS = (
					"$(inherited)",
					"@executable_path/Frameworks",
				);
				MARKETING_VERSION = 1.0;
				PRODUCT_BUNDLE_IDENTIFIER = "will-the-destroyer.flag-game";
				PRODUCT_NAME = "$(TARGET_NAME)";
				SWIFT_EMIT_LOC_STRINGS = YES;
				SWIFT_VERSION = 5.0;
				TARGETED_DEVICE_FAMILY = "1,2";
			};
			name = Debug;
		};
		3FFCB8982B4D9E9900FB3180 /* Release */ = {
			isa = XCBuildConfiguration;
			buildSettings = {
				ASSETCATALOG_COMPILER_APPICON_NAME = AppIcon;
				ASSETCATALOG_COMPILER_GLOBAL_ACCENT_COLOR_NAME = AccentColor;
				CODE_SIGN_STYLE = Automatic;
				CURRENT_PROJECT_VERSION = 1;
				DEVELOPMENT_ASSET_PATHS = "\"flag game/Preview Content\"";
				DEVELOPMENT_TEAM = LTR6BBYG7K;
				ENABLE_PREVIEWS = YES;
				GENERATE_INFOPLIST_FILE = YES;
				INFOPLIST_KEY_UIApplicationSceneManifest_Generation = YES;
				INFOPLIST_KEY_UIApplicationSupportsIndirectInputEvents = YES;
				INFOPLIST_KEY_UILaunchScreen_Generation = YES;
				INFOPLIST_KEY_UISupportedInterfaceOrientations_iPad = "UIInterfaceOrientationPortrait UIInterfaceOrientationPortraitUpsideDown UIInterfaceOrientationLandscapeLeft UIInterfaceOrientationLandscapeRight";
				INFOPLIST_KEY_UISupportedInterfaceOrientations_iPhone = "UIInterfaceOrientationPortrait UIInterfaceOrientationLandscapeLeft UIInterfaceOrientationLandscapeRight";
				LD_RUNPATH_SEARCH_PATHS = (
					"$(inherited)",
					"@executable_path/Frameworks",
				);
				MARKETING_VERSION = 1.0;
				PRODUCT_BUNDLE_IDENTIFIER = "will-the-destroyer.flag-game";
				PRODUCT_NAME = "$(TARGET_NAME)";
				SWIFT_EMIT_LOC_STRINGS = YES;
				SWIFT_VERSION = 5.0;
				TARGETED_DEVICE_FAMILY = "1,2";
			};
			name = Release;
		};
/* End XCBuildConfiguration section */

/* Begin XCConfigurationList section */
		3FFCB8832B4D9E9700FB3180 /* Build configuration list for PBXProject "flag game" */ = {
			isa = XCConfigurationList;
			buildConfigurations = (
				3FFCB8942B4D9E9900FB3180 /* Debug */,
				3FFCB8952B4D9E9900FB3180 /* Release */,
			);
			defaultConfigurationIsVisible = 0;
			defaultConfigurationName = Release;
		};
		3FFCB8962B4D9E9900FB3180 /* Build configuration list for PBXNativeTarget "flag game" */ = {
			isa = XCConfigurationList;
			buildConfigurations = (
				3FFCB8972B4D9E9900FB3180 /* Debug */,
				3FFCB8982B4D9E9900FB3180 /* Release */,
			);
			defaultConfigurationIsVisible = 0;
			defaultConfigurationName = Release;
		};
/* End XCConfigurationList section */
	};
	rootObject = 3FFCB8802B4D9E9700FB3180 /* Project object */;
}
